
Microsoft Visual Studio Solution File, Format Version 12.00
# Visual Studio Version 16
VisualStudioVersion = 16.0.30907.101
MinimumVisualStudioVersion = 10.0.40219.1
Project("{9A19103F-16F7-4668-BE54-9A1E7A4F7556}") = "RDKit2DotNet", "RDKit2DotNet\RDKit2DotNet.csproj", "{D6166F1C-DCD1-4E57-B002-4B6869130E43}"
EndProject
Project("{9A19103F-16F7-4668-BE54-9A1E7A4F7556}") = "RDKit2DotNetTest", "RDKit2DotNetTest\RDKit2DotNetTest.csproj", "{E7DF7657-90D6-4C7F-A430-A48737C049B2}"
EndProject
Project("{FAE04EC0-301F-11D3-BF4B-00C04F79EFBC}") = "RDKit2DotNetTest2", "RDKit2DotNetTest2\RDKit2DotNetTest2.csproj", "{4FF1CAED-C58F-43D0-A5CA-24959A52B9CB}"
EndProject
Global
	GlobalSection(SolutionConfigurationPlatforms) = preSolution
		Debug|Any CPU = Debug|Any CPU
		Release|Any CPU = Release|Any CPU
	EndGlobalSection
	GlobalSection(ProjectConfigurationPlatforms) = postSolution
		{D6166F1C-DCD1-4E57-B002-4B6869130E43}.Debug|Any CPU.ActiveCfg = Debug|Any CPU
		{D6166F1C-DCD1-4E57-B002-4B6869130E43}.Debug|Any CPU.Build.0 = Debug|Any CPU
		{D6166F1C-DCD1-4E57-B002-4B6869130E43}.Release|Any CPU.ActiveCfg = Release|Any CPU
		{D6166F1C-DCD1-4E57-B002-4B6869130E43}.Release|Any CPU.Build.0 = Release|Any CPU
		{E7DF7657-90D6-4C7F-A430-A48737C049B2}.Debug|Any CPU.ActiveCfg = Debug|Any CPU
		{E7DF7657-90D6-4C7F-A430-A48737C049B2}.Debug|Any CPU.Build.0 = Debug|Any CPU
		{E7DF7657-90D6-4C7F-A430-A48737C049B2}.Release|Any CPU.ActiveCfg = Release|Any CPU
		{E7DF7657-90D6-4C7F-A430-A48737C049B2}.Release|Any CPU.Build.0 = Release|Any CPU
		{4FF1CAED-C58F-43D0-A5CA-24959A52B9CB}.Debug|Any CPU.ActiveCfg = Debug|Any CPU
		{4FF1CAED-C58F-43D0-A5CA-24959A52B9CB}.Debug|Any CPU.Build.0 = Debug|Any CPU
		{4FF1CAED-C58F-43D0-A5CA-24959A52B9CB}.Release|Any CPU.ActiveCfg = Release|Any CPU
		{4FF1CAED-C58F-43D0-A5CA-24959A52B9CB}.Release|Any CPU.Build.0 = Release|Any CPU
	EndGlobalSection
	GlobalSection(SolutionProperties) = preSolution
		HideSolutionNode = FALSE
	EndGlobalSection
	GlobalSection(ExtensibilityGlobals) = postSolution
		SolutionGuid = {FB26DB6C-A8BA-47C4-AF9A-940DB0CA5486}
	EndGlobalSection
EndGlobal
